{
  "name": "sage-signer",
  "version": "0.1.0",
  "lockfileVersion": 3,
  "requires": true,
  "packages": {
    "": {
      "name": "sage-signer",
      "version": "0.1.0",
      "dependencies": {
        "@fleet-sdk/core": "^0.12.0",
        "@fleet-sdk/serializer": "^0.11.0",
        "@fleet-sdk/wallet": "^0.12.0",
        "dotenv": "^16.0.0"
      },
      "engines": {
        "node": ">=18"
      }
    },
    "node_modules/@fleet-sdk/common": {
      "version": "0.10.0",
      "resolved": "https://registry.npmjs.org/@fleet-sdk/common/-/common-0.10.0.tgz",
      "integrity": "sha512-N92zENyHYhKtKxhJ6jJbWgV3PCkCGM0LYLmn6OOXNqDVbwT9UFgHOTt7eXFd9tqIhwMMPCnlffNe4c+P+CnsJA==",
      "license": "MIT",
      "engines": {
        "node": ">=18"
      }
    },
    "node_modules/@fleet-sdk/core": {
      "version": "0.12.0",
      "resolved": "https://registry.npmjs.org/@fleet-sdk/core/-/core-0.12.0.tgz",
      "integrity": "sha512-AYdfivEzfokem2eovnhp5rfv+cFrVR87l/ff71uxt1Xn1Arv0QivNtXn9H00i0t3LkiTxI7ttgU56FAbjWbUKw==",
      "license": "MIT",
      "dependencies": {
        "@fleet-sdk/common": "^0.10.0",
        "@fleet-sdk/crypto": "^0.11.0",
        "@fleet-sdk/serializer": "^0.11.0"
      },
      "engines": {
        "node": ">=18"
      }
    },
    "node_modules/@fleet-sdk/crypto": {
      "version": "0.11.0",
      "resolved": "https://registry.npmjs.org/@fleet-sdk/crypto/-/crypto-0.11.0.tgz",
      "integrity": "sha512-oGyrnL0AyzPSsPdA32y4TEFQ6vJlNDMt9nwiArd2TYbtRCDMNTslHQmC/An4clf4R0e/c4yuZJSdfzHC3F0ssQ==",
      "license": "MIT",
      "dependencies": {
        "@fleet-sdk/common": "^0.10.0",
        "@noble/hashes": "^1.8.0",
        "@scure/base": "^1.2.6"
      },
      "engines": {
        "node": ">=18"
      }
    },
    "node_modules/@fleet-sdk/serializer": {
      "version": "0.11.0",
      "resolved": "https://registry.npmjs.org/@fleet-sdk/serializer/-/serializer-0.11.0.tgz",
      "integrity": "sha512-EYun0nzxJn+23aOeaMM5COj62ibVrzgNOx2I6AM6P23mRs72I0Dv2prdBnU/lst4hqbNHi8a1E6UNvpjH2vhGQ==",
      "license": "MIT",
      "dependencies": {
        "@fleet-sdk/common": "^0.10.0",
        "@fleet-sdk/crypto": "^0.11.0"
      },
      "engines": {
        "node": ">=18"
      }
    },
    "node_modules/@fleet-sdk/wallet": {
      "version": "0.12.0",
      "resolved": "https://registry.npmjs.org/@fleet-sdk/wallet/-/wallet-0.12.0.tgz",
      "integrity": "sha512-ErAOa1mLG5XzmQRarQ3SR879Mm/Bk1Cp0KkQP0lSZovBbSOWlem0isHMlIfhpJEHkvdGdW+YkrbQ4DtEG5z+ew==",
      "license": "MIT",
      "dependencies": {
        "@fleet-sdk/common": "^0.10.0",
        "@fleet-sdk/core": "^0.12.0",
        "@fleet-sdk/crypto": "^0.11.0",
        "@fleet-sdk/serializer": "^0.11.0",
        "@noble/curves": "^1.9.2",
        "@scure/bip32": "^1.7.0",
        "@scure/bip39": "^1.6.0"
      },
      "engines": {
        "node": ">=18"
      }
    },
    "node_modules/@noble/curves": {
      "version": "1.9.7",
      "resolved": "https://registry.npmjs.org/@noble/curves/-/curves-1.9.7.tgz",
      "integrity": "sha512-gbKGcRUYIjA3/zCCNaWDciTMFI0dCkvou3TL8Zmy5Nc7sJ47a0jtOeZoTaMxkuqRo9cRhjOdZJXegxYE5FN/xw==",
      "license": "MIT",
      "dependencies": {
        "@noble/hashes": "1.8.0"
      },
      "engines": {
        "node": "^14.21.3 || >=16"
      },
      "funding": {
        "url": "https://paulmillr.com/funding/"
      }
    },
    "node_modules/@noble/hashes": {
      "version": "1.8.0",
      "resolved": "https://registry.npmjs.org/@noble/hashes/-/hashes-1.8.0.tgz",
      "integrity": "sha512-jCs9ldd7NwzpgXDIf6P3+NrHh9/sD6CQdxHyjQI+h/6rDNo88ypBxxz45UDuZHz9r3tNz7N/VInSVoVdtXEI4A==",
      "license": "MIT",
      "engines": {
        "node": "^14.21.3 || >=16"
      },
      "funding": {
        "url": "https://paulmillr.com/funding/"
      }
    },
    "node_modules/@scure/base": {
      "version": "1.2.6",
      "resolved": "https://registry.npmjs.org/@scure/base/-/base-1.2.6.tgz",
      "integrity": "sha512-g/nm5FgUa//MCj1gV09zTJTaM6KBAHqLN907YVQqf7zC49+DcO4B1so4ZX07Ef10Twr6nuqYEH9GEggFXA4Fmg==",
      "license": "MIT",
      "funding": {
        "url": "https://paulmillr.com/funding/"
      }
    },
    "node_modules/@scure/bip32": {
      "version": "1.7.0",
      "resolved": "https://registry.npmjs.org/@scure/bip32/-/bip32-1.7.0.tgz",
      "integrity": "sha512-E4FFX/N3f4B80AKWp5dP6ow+flD1LQZo/w8UnLGYZO674jS6YnYeepycOOksv+vLPSpgN35wgKgy+ybfTb2SMw==",
      "license": "MIT",
      "dependencies": {
        "@noble/curves": "~1.9.0",
        "@noble/hashes": "~1.8.0",
        "@scure/base": "~1.2.5"
      },
      "funding": {
        "url": "https://paulmillr.com/funding/"
      }
    },
    "node_modules/@scure/bip39": {
      "version": "1.6.0",
      "resolved": "https://registry.npmjs.org/@scure/bip39/-/bip39-1.6.0.tgz",
      "integrity": "sha512-+lF0BbLiJNwVlev4eKelw1WWLaiKXw7sSl8T6FvBlWkdX+94aGJ4o8XjUdlyhTCjd8c+B3KT3JfS8P0bLRNU6A==",
      "license": "MIT",
      "dependencies": {
        "@noble/hashes": "~1.8.0",
        "@scure/base": "~1.2.5"
      },
      "funding": {
        "url": "https://paulmillr.com/funding/"
      }
    },
    "node_modules/dotenv": {
      "version": "16.6.1",
      "resolved": "https://registry.npmjs.org/dotenv/-/dotenv-16.6.1.tgz",
      "integrity": "sha512-uBq4egWHTcTt33a72vpSG0z3HnPuIl6NqYcTrKEg2azoEyl2hpW0zqlxysq2pK9HlDIHyHyakeYaYnSAwd8bow==",
      "license": "BSD-2-Clause",
      "engines": {
        "node": ">=12"
      },
      "funding": {
        "url": "https://dotenvx.com"
      }
    }
  }
}
